# This file is automatically @generated by Poetry 1.5.1 and should not be changed by hand.

[[package]]
name = "azure-functions"
version = "1.15.0"
description = "Azure Functions for Python"
optional = false
python-versions = "*"
files = [
    {file = "azure-functions-1.15.0.tar.gz", hash = "sha256:22ff8644a61c2bf3fe727ae9732e4e786ea671c2c11bde2c29d4ef43dfa40cd9"},
    {file = "azure_functions-1.15.0-py3-none-any.whl", hash = "sha256:523abd372321a2668b03918bd23db542f0148b07a2ac4d23da90e555f0303476"},
]

[package.extras]
dev = ["coverage", "flake8 (>=4.0.1,<4.1.0)", "flake8-logging-format", "mypy", "pytest", "pytest-cov", "requests (==2.*)"]

[metadata]
lock-version = "2.0"
python-versions = "3.10.*"
content-hash = "21d8df11c680e9a68ab7002228df81d4f3e0e469eaf9433cb4d15978690e5230"
